// !$*UTF8*$!
{
	archiveVersion = 1;
	classes = {
	};
	objectVersion = 50;
	objects = {

/* Begin PBXBuildFile section */
		4A89B66BFC8F6CC90710A99C /* libPods-InstagramTests.a in Frameworks */ = {isa = PBXBuildFile; fileRef = 3A76625AAD66E009908C48C6 /* libPods-InstagramTests.a */; };
		C7794EEA7E517788B5768F42 /* libPods-Instagram.a in Frameworks */ = {isa = PBXBuildFile; fileRef = 696400E76CF64ECDF54DA91E /* libPods-Instagram.a */; };
		D6BDC555106657EE0E725F99 /* libPods-InstagramUITests.a in Frameworks */ = {isa = PBXBuildFile; fileRef = F88D2FA06E036B4B6F180A0A /* libPods-InstagramUITests.a */; };
		F30D057920F41BA6007DE0D3 /* AppDelegate.m in Sources */ = {isa = PBXBuildFile; fileRef = F30D057820F41BA6007DE0D3 /* AppDelegate.m */; };
		F30D057F20F41BA6007DE0D3 /* Main.storyboard in Resources */ = {isa = PBXBuildFile; fileRef = F30D057D20F41BA6007DE0D3 /* Main.storyboard */; };
		F30D058120F41BA7007DE0D3 /* Assets.xcassets in Resources */ = {isa = PBXBuildFile; fileRef = F30D058020F41BA7007DE0D3 /* Assets.xcassets */; };
		F30D058420F41BA7007DE0D3 /* LaunchScreen.storyboard in Resources */ = {isa = PBXBuildFile; fileRef = F30D058220F41BA7007DE0D3 /* LaunchScreen.storyboard */; };
		F30D058720F41BA7007DE0D3 /* main.m in Sources */ = {isa = PBXBuildFile; fileRef = F30D058620F41BA7007DE0D3 /* main.m */; };
		F30D059120F41BA7007DE0D3 /* InstagramTests.m in Sources */ = {isa = PBXBuildFile; fileRef = F30D059020F41BA7007DE0D3 /* InstagramTests.m */; };
		F30D059C20F41BA7007DE0D3 /* InstagramUITests.m in Sources */ = {isa = PBXBuildFile; fileRef = F30D059B20F41BA7007DE0D3 /* InstagramUITests.m */; };
		F312C16A20F55B1E00F8D62C /* Post.m in Sources */ = {isa = PBXBuildFile; fileRef = F312C16920F55B1E00F8D62C /* Post.m */; };
		F312C16D20F55D3A00F8D62C /* ComposePostViewController.m in Sources */ = {isa = PBXBuildFile; fileRef = F312C16C20F55D3A00F8D62C /* ComposePostViewController.m */; };
		F312C17720F57A9200F8D62C /* PostTableViewCell.m in Sources */ = {isa = PBXBuildFile; fileRef = F312C17620F57A9200F8D62C /* PostTableViewCell.m */; };
		F332F9FC20F42917000AC72D /* LoginViewController.m in Sources */ = {isa = PBXBuildFile; fileRef = F332F9FB20F42917000AC72D /* LoginViewController.m */; };
		F332F9FF20F42F32000AC72D /* HomeFeedViewController.m in Sources */ = {isa = PBXBuildFile; fileRef = F332F9FE20F42F32000AC72D /* HomeFeedViewController.m */; };
		F37BA5A520F973AB009E339B /* EditProfileViewController.m in Sources */ = {isa = PBXBuildFile; fileRef = F37BA5A420F973AB009E339B /* EditProfileViewController.m */; };
		F3F9FC7C20F6B4C70084B7FB /* PostDetailViewController.m in Sources */ = {isa = PBXBuildFile; fileRef = F3F9FC7B20F6B4C70084B7FB /* PostDetailViewController.m */; };
		F3F9FC7F20F6DE950084B7FB /* SignUpViewController.m in Sources */ = {isa = PBXBuildFile; fileRef = F3F9FC7E20F6DE950084B7FB /* SignUpViewController.m */; };
		F3F9FC8220F804510084B7FB /* UserProfileViewController.m in Sources */ = {isa = PBXBuildFile; fileRef = F3F9FC8120F804510084B7FB /* UserProfileViewController.m */; };
		F3F9FC8520F82F610084B7FB /* PostCollectionViewCell.m in Sources */ = {isa = PBXBuildFile; fileRef = F3F9FC8420F82F610084B7FB /* PostCollectionViewCell.m */; };
		F3FF6F4E20F88C1100A0AFFA /* InfiniteScrollActivityView.m in Sources */ = {isa = PBXBuildFile; fileRef = F3FF6F4D20F88C1100A0AFFA /* InfiniteScrollActivityView.m */; };
/* End PBXBuildFile section */

/* Begin PBXContainerItemProxy section */
		F30D058D20F41BA7007DE0D3 /* PBXContainerItemProxy */ = {
			isa = PBXContainerItemProxy;
			containerPortal = F30D056C20F41BA6007DE0D3 /* Project object */;
			proxyType = 1;
			remoteGlobalIDString = F30D057320F41BA6007DE0D3;
			remoteInfo = Instagram;
		};
		F30D059820F41BA7007DE0D3 /* PBXContainerItemProxy */ = {
			isa = PBXContainerItemProxy;
			containerPortal = F30D056C20F41BA6007DE0D3 /* Project object */;
			proxyType = 1;
			remoteGlobalIDString = F30D057320F41BA6007DE0D3;
			remoteInfo = Instagram;
		};
/* End PBXContainerItemProxy section */

/* Begin PBXFileReference section */
		3A76625AAD66E009908C48C6 /* libPods-InstagramTests.a */ = {isa = PBXFileReference; explicitFileType = archive.ar; includeInIndex = 0; path = "libPods-InstagramTests.a"; sourceTree = BUILT_PRODUCTS_DIR; };
		473DAEB3D5E742C5C00F7851 /* Pods-InstagramTests.release.xcconfig */ = {isa = PBXFileReference; includeInIndex = 1; lastKnownFileType = text.xcconfig; name = "Pods-InstagramTests.release.xcconfig"; path = "Pods/Target Support Files/Pods-InstagramTests/Pods-InstagramTests.release.xcconfig"; sourceTree = "<group>"; };
		696400E76CF64ECDF54DA91E /* libPods-Instagram.a */ = {isa = PBXFileReference; explicitFileType = archive.ar; includeInIndex = 0; path = "libPods-Instagram.a"; sourceTree = BUILT_PRODUCTS_DIR; };
		CDAFEA4D2B8BE718E461B291 /* Pods-InstagramTests.debug.xcconfig */ = {isa = PBXFileReference; includeInIndex = 1; lastKnownFileType = text.xcconfig; name = "Pods-InstagramTests.debug.xcconfig"; path = "Pods/Target Support Files/Pods-InstagramTests/Pods-InstagramTests.debug.xcconfig"; sourceTree = "<group>"; };
		CF849ECD3565BCBE970EDF13 /* Pods-InstagramUITests.release.xcconfig */ = {isa = PBXFileReference; includeInIndex = 1; lastKnownFileType = text.xcconfig; name = "Pods-InstagramUITests.release.xcconfig"; path = "Pods/Target Support Files/Pods-InstagramUITests/Pods-InstagramUITests.release.xcconfig"; sourceTree = "<group>"; };
		DDF05DE1055FE6B312935C7B /* Pods-Instagram.release.xcconfig */ = {isa = PBXFileReference; includeInIndex = 1; lastKnownFileType = text.xcconfig; name = "Pods-Instagram.release.xcconfig"; path = "Pods/Target Support Files/Pods-Instagram/Pods-Instagram.release.xcconfig"; sourceTree = "<group>"; };
		F0D5B5B325797EB221488273 /* Pods-Instagram.debug.xcconfig */ = {isa = PBXFileReference; includeInIndex = 1; lastKnownFileType = text.xcconfig; name = "Pods-Instagram.debug.xcconfig"; path = "Pods/Target Support Files/Pods-Instagram/Pods-Instagram.debug.xcconfig"; sourceTree = "<group>"; };
		F30D057420F41BA6007DE0D3 /* Instagram.app */ = {isa = PBXFileReference; explicitFileType = wrapper.application; includeInIndex = 0; path = Instagram.app; sourceTree = BUILT_PRODUCTS_DIR; };
		F30D057720F41BA6007DE0D3 /* AppDelegate.h */ = {isa = PBXFileReference; lastKnownFileType = sourcecode.c.h; path = AppDelegate.h; sourceTree = "<group>"; };
		F30D057820F41BA6007DE0D3 /* AppDelegate.m */ = {isa = PBXFileReference; lastKnownFileType = sourcecode.c.objc; path = AppDelegate.m; sourceTree = "<group>"; };
		F30D057E20F41BA6007DE0D3 /* Base */ = {isa = PBXFileReference; lastKnownFileType = file.storyboard; name = Base; path = Base.lproj/Main.storyboard; sourceTree = "<group>"; };
		F30D058020F41BA7007DE0D3 /* Assets.xcassets */ = {isa = PBXFileReference; lastKnownFileType = folder.assetcatalog; path = Assets.xcassets; sourceTree = "<group>"; };
		F30D058320F41BA7007DE0D3 /* Base */ = {isa = PBXFileReference; lastKnownFileType = file.storyboard; name = Base; path = Base.lproj/LaunchScreen.storyboard; sourceTree = "<group>"; };
		F30D058520F41BA7007DE0D3 /* Info.plist */ = {isa = PBXFileReference; lastKnownFileType = text.plist.xml; path = Info.plist; sourceTree = "<group>"; };
		F30D058620F41BA7007DE0D3 /* main.m */ = {isa = PBXFileReference; lastKnownFileType = sourcecode.c.objc; path = main.m; sourceTree = "<group>"; };
		F30D058C20F41BA7007DE0D3 /* InstagramTests.xctest */ = {isa = PBXFileReference; explicitFileType = wrapper.cfbundle; includeInIndex = 0; path = InstagramTests.xctest; sourceTree = BUILT_PRODUCTS_DIR; };
		F30D059020F41BA7007DE0D3 /* InstagramTests.m */ = {isa = PBXFileReference; lastKnownFileType = sourcecode.c.objc; path = InstagramTests.m; sourceTree = "<group>"; };
		F30D059220F41BA7007DE0D3 /* Info.plist */ = {isa = PBXFileReference; lastKnownFileType = text.plist.xml; path = Info.plist; sourceTree = "<group>"; };
		F30D059720F41BA7007DE0D3 /* InstagramUITests.xctest */ = {isa = PBXFileReference; explicitFileType = wrapper.cfbundle; includeInIndex = 0; path = InstagramUITests.xctest; sourceTree = BUILT_PRODUCTS_DIR; };
		F30D059B20F41BA7007DE0D3 /* InstagramUITests.m */ = {isa = PBXFileReference; lastKnownFileType = sourcecode.c.objc; path = InstagramUITests.m; sourceTree = "<group>"; };
		F30D059D20F41BA7007DE0D3 /* Info.plist */ = {isa = PBXFileReference; lastKnownFileType = text.plist.xml; path = Info.plist; sourceTree = "<group>"; };
		F312C16820F55B1E00F8D62C /* Post.h */ = {isa = PBXFileReference; lastKnownFileType = sourcecode.c.h; path = Post.h; sourceTree = "<group>"; };
		F312C16920F55B1E00F8D62C /* Post.m */ = {isa = PBXFileReference; lastKnownFileType = sourcecode.c.objc; path = Post.m; sourceTree = "<group>"; };
		F312C16B20F55D3A00F8D62C /* ComposePostViewController.h */ = {isa = PBXFileReference; lastKnownFileType = sourcecode.c.h; path = ComposePostViewController.h; sourceTree = "<group>"; };
		F312C16C20F55D3A00F8D62C /* ComposePostViewController.m */ = {isa = PBXFileReference; lastKnownFileType = sourcecode.c.objc; path = ComposePostViewController.m; sourceTree = "<group>"; };
		F312C17520F57A9200F8D62C /* PostTableViewCell.h */ = {isa = PBXFileReference; lastKnownFileType = sourcecode.c.h; path = PostTableViewCell.h; sourceTree = "<group>"; };
		F312C17620F57A9200F8D62C /* PostTableViewCell.m */ = {isa = PBXFileReference; lastKnownFileType = sourcecode.c.objc; path = PostTableViewCell.m; sourceTree = "<group>"; };
		F332F9FA20F42917000AC72D /* LoginViewController.h */ = {isa = PBXFileReference; lastKnownFileType = sourcecode.c.h; path = LoginViewController.h; sourceTree = "<group>"; };
		F332F9FB20F42917000AC72D /* LoginViewController.m */ = {isa = PBXFileReference; lastKnownFileType = sourcecode.c.objc; path = LoginViewController.m; sourceTree = "<group>"; };
		F332F9FD20F42F32000AC72D /* HomeFeedViewController.h */ = {isa = PBXFileReference; lastKnownFileType = sourcecode.c.h; path = HomeFeedViewController.h; sourceTree = "<group>"; };
		F332F9FE20F42F32000AC72D /* HomeFeedViewController.m */ = {isa = PBXFileReference; lastKnownFileType = sourcecode.c.objc; path = HomeFeedViewController.m; sourceTree = "<group>"; };
		F37BA5A320F973AB009E339B /* EditProfileViewController.h */ = {isa = PBXFileReference; lastKnownFileType = sourcecode.c.h; path = EditProfileViewController.h; sourceTree = "<group>"; };
		F37BA5A420F973AB009E339B /* EditProfileViewController.m */ = {isa = PBXFileReference; lastKnownFileType = sourcecode.c.objc; path = EditProfileViewController.m; sourceTree = "<group>"; };
		F3F9FC7A20F6B4C70084B7FB /* PostDetailViewController.h */ = {isa = PBXFileReference; lastKnownFileType = sourcecode.c.h; path = PostDetailViewController.h; sourceTree = "<group>"; };
		F3F9FC7B20F6B4C70084B7FB /* PostDetailViewController.m */ = {isa = PBXFileReference; lastKnownFileType = sourcecode.c.objc; path = PostDetailViewController.m; sourceTree = "<group>"; };
		F3F9FC7D20F6DE950084B7FB /* SignUpViewController.h */ = {isa = PBXFileReference; lastKnownFileType = sourcecode.c.h; path = SignUpViewController.h; sourceTree = "<group>"; };
		F3F9FC7E20F6DE950084B7FB /* SignUpViewController.m */ = {isa = PBXFileReference; lastKnownFileType = sourcecode.c.objc; path = SignUpViewController.m; sourceTree = "<group>"; };
		F3F9FC8020F804510084B7FB /* UserProfileViewController.h */ = {isa = PBXFileReference; lastKnownFileType = sourcecode.c.h; path = UserProfileViewController.h; sourceTree = "<group>"; };
		F3F9FC8120F804510084B7FB /* UserProfileViewController.m */ = {isa = PBXFileReference; lastKnownFileType = sourcecode.c.objc; path = UserProfileViewController.m; sourceTree = "<group>"; };
		F3F9FC8320F82F610084B7FB /* PostCollectionViewCell.h */ = {isa = PBXFileReference; lastKnownFileType = sourcecode.c.h; path = PostCollectionViewCell.h; sourceTree = "<group>"; };
		F3F9FC8420F82F610084B7FB /* PostCollectionViewCell.m */ = {isa = PBXFileReference; lastKnownFileType = sourcecode.c.objc; path = PostCollectionViewCell.m; sourceTree = "<group>"; };
		F3FF6F4C20F88C1100A0AFFA /* InfiniteScrollActivityView.h */ = {isa = PBXFileReference; lastKnownFileType = sourcecode.c.h; path = InfiniteScrollActivityView.h; sourceTree = "<group>"; };
		F3FF6F4D20F88C1100A0AFFA /* InfiniteScrollActivityView.m */ = {isa = PBXFileReference; lastKnownFileType = sourcecode.c.objc; path = InfiniteScrollActivityView.m; sourceTree = "<group>"; };
		F79F14E86770DA3AF6FEF369 /* Pods-InstagramUITests.debug.xcconfig */ = {isa = PBXFileReference; includeInIndex = 1; lastKnownFileType = text.xcconfig; name = "Pods-InstagramUITests.debug.xcconfig"; path = "Pods/Target Support Files/Pods-InstagramUITests/Pods-InstagramUITests.debug.xcconfig"; sourceTree = "<group>"; };
		F88D2FA06E036B4B6F180A0A /* libPods-InstagramUITests.a */ = {isa = PBXFileReference; explicitFileType = archive.ar; includeInIndex = 0; path = "libPods-InstagramUITests.a"; sourceTree = BUILT_PRODUCTS_DIR; };
/* End PBXFileReference section */

/* Begin PBXFrameworksBuildPhase section */
		F30D057120F41BA6007DE0D3 /* Frameworks */ = {
			isa = PBXFrameworksBuildPhase;
			buildActionMask = 2147483647;
			files = (
				C7794EEA7E517788B5768F42 /* libPods-Instagram.a in Frameworks */,
			);
			runOnlyForDeploymentPostprocessing = 0;
		};
		F30D058920F41BA7007DE0D3 /* Frameworks */ = {
			isa = PBXFrameworksBuildPhase;
			buildActionMask = 2147483647;
			files = (
				4A89B66BFC8F6CC90710A99C /* libPods-InstagramTests.a in Frameworks */,
			);
			runOnlyForDeploymentPostprocessing = 0;
		};
		F30D059420F41BA7007DE0D3 /* Frameworks */ = {
			isa = PBXFrameworksBuildPhase;
			buildActionMask = 2147483647;
			files = (
				D6BDC555106657EE0E725F99 /* libPods-InstagramUITests.a in Frameworks */,
			);
			runOnlyForDeploymentPostprocessing = 0;
		};
/* End PBXFrameworksBuildPhase section */

/* Begin PBXGroup section */
		9B84A800EA1C4F537E4C8609 /* Pods */ = {
			isa = PBXGroup;
			children = (
				F0D5B5B325797EB221488273 /* Pods-Instagram.debug.xcconfig */,
				DDF05DE1055FE6B312935C7B /* Pods-Instagram.release.xcconfig */,
				CDAFEA4D2B8BE718E461B291 /* Pods-InstagramTests.debug.xcconfig */,
				473DAEB3D5E742C5C00F7851 /* Pods-InstagramTests.release.xcconfig */,
				F79F14E86770DA3AF6FEF369 /* Pods-InstagramUITests.debug.xcconfig */,
				CF849ECD3565BCBE970EDF13 /* Pods-InstagramUITests.release.xcconfig */,
			);
			name = Pods;
			sourceTree = "<group>";
		};
		DF4F24382596041AEA8950B3 /* Frameworks */ = {
			isa = PBXGroup;
			children = (
				696400E76CF64ECDF54DA91E /* libPods-Instagram.a */,
				3A76625AAD66E009908C48C6 /* libPods-InstagramTests.a */,
				F88D2FA06E036B4B6F180A0A /* libPods-InstagramUITests.a */,
			);
			name = Frameworks;
			sourceTree = "<group>";
		};
		F30D056B20F41BA6007DE0D3 = {
			isa = PBXGroup;
			children = (
				F30D057620F41BA6007DE0D3 /* Instagram */,
				F30D058F20F41BA7007DE0D3 /* InstagramTests */,
				F30D059A20F41BA7007DE0D3 /* InstagramUITests */,
				F30D057520F41BA6007DE0D3 /* Products */,
				9B84A800EA1C4F537E4C8609 /* Pods */,
				DF4F24382596041AEA8950B3 /* Frameworks */,
			);
			sourceTree = "<group>";
		};
		F30D057520F41BA6007DE0D3 /* Products */ = {
			isa = PBXGroup;
			children = (
				F30D057420F41BA6007DE0D3 /* Instagram.app */,
				F30D058C20F41BA7007DE0D3 /* InstagramTests.xctest */,
				F30D059720F41BA7007DE0D3 /* InstagramUITests.xctest */,
			);
			name = Products;
			sourceTree = "<group>";
		};
		F30D057620F41BA6007DE0D3 /* Instagram */ = {
			isa = PBXGroup;
			children = (
				F312C17120F57A6D00F8D62C /* Views */,
				F312C16720F55B0D00F8D62C /* Models */,
				F332F9F920F4286D000AC72D /* ViewControllers */,
				F30D057720F41BA6007DE0D3 /* AppDelegate.h */,
				F30D057820F41BA6007DE0D3 /* AppDelegate.m */,
				F30D057D20F41BA6007DE0D3 /* Main.storyboard */,
				F30D058020F41BA7007DE0D3 /* Assets.xcassets */,
				F30D058220F41BA7007DE0D3 /* LaunchScreen.storyboard */,
				F30D058520F41BA7007DE0D3 /* Info.plist */,
				F30D058620F41BA7007DE0D3 /* main.m */,
			);
			path = Instagram;
			sourceTree = "<group>";
		};
		F30D058F20F41BA7007DE0D3 /* InstagramTests */ = {
			isa = PBXGroup;
			children = (
				F30D059020F41BA7007DE0D3 /* InstagramTests.m */,
				F30D059220F41BA7007DE0D3 /* Info.plist */,
			);
			path = InstagramTests;
			sourceTree = "<group>";
		};
		F30D059A20F41BA7007DE0D3 /* InstagramUITests */ = {
			isa = PBXGroup;
			children = (
				F30D059B20F41BA7007DE0D3 /* InstagramUITests.m */,
				F30D059D20F41BA7007DE0D3 /* Info.plist */,
			);
			path = InstagramUITests;
			sourceTree = "<group>";
		};
		F312C16720F55B0D00F8D62C /* Models */ = {
			isa = PBXGroup;
			children = (
				F312C16820F55B1E00F8D62C /* Post.h */,
				F312C16920F55B1E00F8D62C /* Post.m */,
			);
			path = Models;
			sourceTree = "<group>";
		};
		F312C17120F57A6D00F8D62C /* Views */ = {
			isa = PBXGroup;
			children = (
				F312C17520F57A9200F8D62C /* PostTableViewCell.h */,
				F312C17620F57A9200F8D62C /* PostTableViewCell.m */,
				F3F9FC8320F82F610084B7FB /* PostCollectionViewCell.h */,
				F3F9FC8420F82F610084B7FB /* PostCollectionViewCell.m */,
				F3FF6F4C20F88C1100A0AFFA /* InfiniteScrollActivityView.h */,
				F3FF6F4D20F88C1100A0AFFA /* InfiniteScrollActivityView.m */,
			);
			path = Views;
			sourceTree = "<group>";
		};
		F332F9F920F4286D000AC72D /* ViewControllers */ = {
			isa = PBXGroup;
			children = (
				F332F9FA20F42917000AC72D /* LoginViewController.h */,
				F332F9FB20F42917000AC72D /* LoginViewController.m */,
				F3F9FC7D20F6DE950084B7FB /* SignUpViewController.h */,
				F3F9FC7E20F6DE950084B7FB /* SignUpViewController.m */,
				F332F9FD20F42F32000AC72D /* HomeFeedViewController.h */,
				F332F9FE20F42F32000AC72D /* HomeFeedViewController.m */,
				F312C16B20F55D3A00F8D62C /* ComposePostViewController.h */,
				F312C16C20F55D3A00F8D62C /* ComposePostViewController.m */,
				F3F9FC7A20F6B4C70084B7FB /* PostDetailViewController.h */,
				F3F9FC7B20F6B4C70084B7FB /* PostDetailViewController.m */,
				F3F9FC8020F804510084B7FB /* UserProfileViewController.h */,
				F3F9FC8120F804510084B7FB /* UserProfileViewController.m */,
				F37BA5A320F973AB009E339B /* EditProfileViewController.h */,
				F37BA5A420F973AB009E339B /* EditProfileViewController.m */,
			);
			path = ViewControllers;
			sourceTree = "<group>";
		};
/* End PBXGroup section */

/* Begin PBXNativeTarget section */
		F30D057320F41BA6007DE0D3 /* Instagram */ = {
			isa = PBXNativeTarget;
			buildConfigurationList = F30D05A020F41BA7007DE0D3 /* Build configuration list for PBXNativeTarget "Instagram" */;
			buildPhases = (
				00989CFAB638D228F16BF770 /* [CP] Check Pods Manifest.lock */,
				F30D057020F41BA6007DE0D3 /* Sources */,
				F30D057120F41BA6007DE0D3 /* Frameworks */,
				F30D057220F41BA6007DE0D3 /* Resources */,
				C5BE8ED40A50C5D7C9BD8DBD /* [CP] Copy Pods Resources */,
			);
			buildRules = (
			);
			dependencies = (
			);
			name = Instagram;
			productName = Instagram;
			productReference = F30D057420F41BA6007DE0D3 /* Instagram.app */;
			productType = "com.apple.product-type.application";
		};
		F30D058B20F41BA7007DE0D3 /* InstagramTests */ = {
			isa = PBXNativeTarget;
			buildConfigurationList = F30D05A320F41BA7007DE0D3 /* Build configuration list for PBXNativeTarget "InstagramTests" */;
			buildPhases = (
				21D660975F82EA5A587FE0B4 /* [CP] Check Pods Manifest.lock */,
				F30D058820F41BA7007DE0D3 /* Sources */,
				F30D058920F41BA7007DE0D3 /* Frameworks */,
				F30D058A20F41BA7007DE0D3 /* Resources */,
			);
			buildRules = (
			);
			dependencies = (
				F30D058E20F41BA7007DE0D3 /* PBXTargetDependency */,
			);
			name = InstagramTests;
			productName = InstagramTests;
			productReference = F30D058C20F41BA7007DE0D3 /* InstagramTests.xctest */;
			productType = "com.apple.product-type.bundle.unit-test";
		};
		F30D059620F41BA7007DE0D3 /* InstagramUITests */ = {
			isa = PBXNativeTarget;
			buildConfigurationList = F30D05A620F41BA7007DE0D3 /* Build configuration list for PBXNativeTarget "InstagramUITests" */;
			buildPhases = (
				D719AD12AF636BB0AF3D857B /* [CP] Check Pods Manifest.lock */,
				F30D059320F41BA7007DE0D3 /* Sources */,
				F30D059420F41BA7007DE0D3 /* Frameworks */,
				F30D059520F41BA7007DE0D3 /* Resources */,
			);
			buildRules = (
			);
			dependencies = (
				F30D059920F41BA7007DE0D3 /* PBXTargetDependency */,
			);
			name = InstagramUITests;
			productName = InstagramUITests;
			productReference = F30D059720F41BA7007DE0D3 /* InstagramUITests.xctest */;
			productType = "com.apple.product-type.bundle.ui-testing";
		};
/* End PBXNativeTarget section */

/* Begin PBXProject section */
		F30D056C20F41BA6007DE0D3 /* Project object */ = {
			isa = PBXProject;
			attributes = {
				LastUpgradeCheck = 0940;
				ORGANIZATIONNAME = "Sophia Zheng";
				TargetAttributes = {
					F30D057320F41BA6007DE0D3 = {
						CreatedOnToolsVersion = 9.4.1;
					};
					F30D058B20F41BA7007DE0D3 = {
						CreatedOnToolsVersion = 9.4.1;
						TestTargetID = F30D057320F41BA6007DE0D3;
					};
					F30D059620F41BA7007DE0D3 = {
						CreatedOnToolsVersion = 9.4.1;
						TestTargetID = F30D057320F41BA6007DE0D3;
					};
				};
			};
			buildConfigurationList = F30D056F20F41BA6007DE0D3 /* Build configuration list for PBXProject "Instagram" */;
			compatibilityVersion = "Xcode 9.3";
			developmentRegion = en;
			hasScannedForEncodings = 0;
			knownRegions = (
				en,
				Base,
			);
			mainGroup = F30D056B20F41BA6007DE0D3;
			productRefGroup = F30D057520F41BA6007DE0D3 /* Products */;
			projectDirPath = "";
			projectRoot = "";
			targets = (
				F30D057320F41BA6007DE0D3 /* Instagram */,
				F30D058B20F41BA7007DE0D3 /* InstagramTests */,
				F30D059620F41BA7007DE0D3 /* InstagramUITests */,
			);
		};
/* End PBXProject section */

/* Begin PBXResourcesBuildPhase section */
		F30D057220F41BA6007DE0D3 /* Resources */ = {
			isa = PBXResourcesBuildPhase;
			buildActionMask = 2147483647;
			files = (
				F30D058420F41BA7007DE0D3 /* LaunchScreen.storyboard in Resources */,
				F30D058120F41BA7007DE0D3 /* Assets.xcassets in Resources */,
				F30D057F20F41BA6007DE0D3 /* Main.storyboard in Resources */,
			);
			runOnlyForDeploymentPostprocessing = 0;
		};
		F30D058A20F41BA7007DE0D3 /* Resources */ = {
			isa = PBXResourcesBuildPhase;
			buildActionMask = 2147483647;
			files = (
			);
			runOnlyForDeploymentPostprocessing = 0;
		};
		F30D059520F41BA7007DE0D3 /* Resources */ = {
			isa = PBXResourcesBuildPhase;
			buildActionMask = 2147483647;
			files = (
			);
			runOnlyForDeploymentPostprocessing = 0;
		};
/* End PBXResourcesBuildPhase section */

/* Begin PBXShellScriptBuildPhase section */
		00989CFAB638D228F16BF770 /* [CP] Check Pods Manifest.lock */ = {
			isa = PBXShellScriptBuildPhase;
			buildActionMask = 2147483647;
			files = (
			);
			inputPaths = (
				"${PODS_PODFILE_DIR_PATH}/Podfile.lock",
				"${PODS_ROOT}/Manifest.lock",
			);
			name = "[CP] Check Pods Manifest.lock";
			outputPaths = (
				"$(DERIVED_FILE_DIR)/Pods-Instagram-checkManifestLockResult.txt",
			);
			runOnlyForDeploymentPostprocessing = 0;
			shellPath = /bin/sh;
			shellScript = "diff \"${PODS_PODFILE_DIR_PATH}/Podfile.lock\" \"${PODS_ROOT}/Manifest.lock\" > /dev/null\nif [ $? != 0 ] ; then\n    # print error to STDERR\n    echo \"error: The sandbox is not in sync with the Podfile.lock. Run 'pod install' or update your CocoaPods installation.\" >&2\n    exit 1\nfi\n# This output is used by Xcode 'outputs' to avoid re-running this script phase.\necho \"SUCCESS\" > \"${SCRIPT_OUTPUT_FILE_0}\"\n";
			showEnvVarsInLog = 0;
		};
		21D660975F82EA5A587FE0B4 /* [CP] Check Pods Manifest.lock */ = {
			isa = PBXShellScriptBuildPhase;
			buildActionMask = 2147483647;
			files = (
			);
			inputPaths = (
				"${PODS_PODFILE_DIR_PATH}/Podfile.lock",
				"${PODS_ROOT}/Manifest.lock",
			);
			name = "[CP] Check Pods Manifest.lock";
			outputPaths = (
				"$(DERIVED_FILE_DIR)/Pods-InstagramTests-checkManifestLockResult.txt",
			);
			runOnlyForDeploymentPostprocessing = 0;
			shellPath = /bin/sh;
			shellScript = "diff \"${PODS_PODFILE_DIR_PATH}/Podfile.lock\" \"${PODS_ROOT}/Manifest.lock\" > /dev/null\nif [ $? != 0 ] ; then\n    # print error to STDERR\n    echo \"error: The sandbox is not in sync with the Podfile.lock. Run 'pod install' or update your CocoaPods installation.\" >&2\n    exit 1\nfi\n# This output is used by Xcode 'outputs' to avoid re-running this script phase.\necho \"SUCCESS\" > \"${SCRIPT_OUTPUT_FILE_0}\"\n";
			showEnvVarsInLog = 0;
		};
		C5BE8ED40A50C5D7C9BD8DBD /* [CP] Copy Pods Resources */ = {
			isa = PBXShellScriptBuildPhase;
			buildActionMask = 2147483647;
			files = (
			);
			inputPaths = (
				"${SRCROOT}/Pods/Target Support Files/Pods-Instagram/Pods-Instagram-resources.sh",
				"${PODS_ROOT}/DateTools/DateTools/DateTools/DateTools.bundle",
				"${PODS_CONFIGURATION_BUILD_DIR}/Parse/Parse.bundle",
				"${PODS_ROOT}/ParseUI/ParseUI/Resources/Localization/en.lproj",
				"${PODS_ROOT}/ParseUI/ParseUI/Resources/Localization/fr.lproj",
				"${PODS_ROOT}/ParseUI/ParseUI/Resources/Localization/pt-BR.lproj",
			);
			name = "[CP] Copy Pods Resources";
			outputPaths = (
				"${TARGET_BUILD_DIR}/${UNLOCALIZED_RESOURCES_FOLDER_PATH}/DateTools.bundle",
				"${TARGET_BUILD_DIR}/${UNLOCALIZED_RESOURCES_FOLDER_PATH}/Parse.bundle",
				"${TARGET_BUILD_DIR}/${UNLOCALIZED_RESOURCES_FOLDER_PATH}/en.lproj",
				"${TARGET_BUILD_DIR}/${UNLOCALIZED_RESOURCES_FOLDER_PATH}/fr.lproj",
				"${TARGET_BUILD_DIR}/${UNLOCALIZED_RESOURCES_FOLDER_PATH}/pt-BR.lproj",
			);
			runOnlyForDeploymentPostprocessing = 0;
			shellPath = /bin/sh;
			shellScript = "\"${SRCROOT}/Pods/Target Support Files/Pods-Instagram/Pods-Instagram-resources.sh\"\n";
			showEnvVarsInLog = 0;
		};
		D719AD12AF636BB0AF3D857B /* [CP] Check Pods Manifest.lock */ = {
			isa = PBXShellScriptBuildPhase;
			buildActionMask = 2147483647;
			files = (
			);
			inputPaths = (
				"${PODS_PODFILE_DIR_PATH}/Podfile.lock",
				"${PODS_ROOT}/Manifest.lock",
			);
			name = "[CP] Check Pods Manifest.lock";
			outputPaths = (
				"$(DERIVED_FILE_DIR)/Pods-InstagramUITests-checkManifestLockResult.txt",
			);
			runOnlyForDeploymentPostprocessing = 0;
			shellPath = /bin/sh;
			shellScript = "diff \"${PODS_PODFILE_DIR_PATH}/Podfile.lock\" \"${PODS_ROOT}/Manifest.lock\" > /dev/null\nif [ $? != 0 ] ; then\n    # print error to STDERR\n    echo \"error: The sandbox is not in sync with the Podfile.lock. Run 'pod install' or update your CocoaPods installation.\" >&2\n    exit 1\nfi\n# This output is used by Xcode 'outputs' to avoid re-running this script phase.\necho \"SUCCESS\" > \"${SCRIPT_OUTPUT_FILE_0}\"\n";
			showEnvVarsInLog = 0;
		};
/* End PBXShellScriptBuildPhase section */

/* Begin PBXSourcesBuildPhase section */
		F30D057020F41BA6007DE0D3 /* Sources */ = {
			isa = PBXSourcesBuildPhase;
			buildActionMask = 2147483647;
			files = (
				F312C16A20F55B1E00F8D62C /* Post.m in Sources */,
				F3F9FC8520F82F610084B7FB /* PostCollectionViewCell.m in Sources */,
				F30D058720F41BA7007DE0D3 /* main.m in Sources */,
				F30D057920F41BA6007DE0D3 /* AppDelegate.m in Sources */,
				F3FF6F4E20F88C1100A0AFFA /* InfiniteScrollActivityView.m in Sources */,
				F312C17720F57A9200F8D62C /* PostTableViewCell.m in Sources */,
				F332F9FC20F42917000AC72D /* LoginViewController.m in Sources */,
				F3F9FC8220F804510084B7FB /* UserProfileViewController.m in Sources */,
				F37BA5A520F973AB009E339B /* EditProfileViewController.m in Sources */,
				F3F9FC7C20F6B4C70084B7FB /* PostDetailViewController.m in Sources */,
				F332F9FF20F42F32000AC72D /* HomeFeedViewController.m in Sources */,
				F312C16D20F55D3A00F8D62C /* ComposePostViewController.m in Sources */,
				F3F9FC7F20F6DE950084B7FB /* SignUpViewController.m in Sources */,
			);
			runOnlyForDeploymentPostprocessing = 0;
		};
		F30D058820F41BA7007DE0D3 /* Sources */ = {
			isa = PBXSourcesBuildPhase;
			buildActionMask = 2147483647;
			files = (
				F30D059120F41BA7007DE0D3 /* InstagramTests.m in Sources */,
			);
			runOnlyForDeploymentPostprocessing = 0;
		};
		F30D059320F41BA7007DE0D3 /* Sources */ = {
			isa = PBXSourcesBuildPhase;
			buildActionMask = 2147483647;
			files = (
				F30D059C20F41BA7007DE0D3 /* InstagramUITests.m in Sources */,
			);
			runOnlyForDeploymentPostprocessing = 0;
		};
/* End PBXSourcesBuildPhase section */

/* Begin PBXTargetDependency section */
		F30D058E20F41BA7007DE0D3 /* PBXTargetDependency */ = {
			isa = PBXTargetDependency;
			target = F30D057320F41BA6007DE0D3 /* Instagram */;
			targetProxy = F30D058D20F41BA7007DE0D3 /* PBXContainerItemProxy */;
		};
		F30D059920F41BA7007DE0D3 /* PBXTargetDependency */ = {
			isa = PBXTargetDependency;
			target = F30D057320F41BA6007DE0D3 /* Instagram */;
			targetProxy = F30D059820F41BA7007DE0D3 /* PBXContainerItemProxy */;
		};
/* End PBXTargetDependency section */

/* Begin PBXVariantGroup section */
		F30D057D20F41BA6007DE0D3 /* Main.storyboard */ = {
			isa = PBXVariantGroup;
			children = (
				F30D057E20F41BA6007DE0D3 /* Base */,
			);
			name = Main.storyboard;
			sourceTree = "<group>";
		};
		F30D058220F41BA7007DE0D3 /* LaunchScreen.storyboard */ = {
			isa = PBXVariantGroup;
			children = (
				F30D058320F41BA7007DE0D3 /* Base */,
			);
			name = LaunchScreen.storyboard;
			sourceTree = "<group>";
		};
/* End PBXVariantGroup section */

/* Begin XCBuildConfiguration section */
		F30D059E20F41BA7007DE0D3 /* Debug */ = {
			isa = XCBuildConfiguration;
			buildSettings = {
				ALWAYS_SEARCH_USER_PATHS = NO;
				CLANG_ANALYZER_NONNULL = YES;
				CLANG_ANALYZER_NUMBER_OBJECT_CONVERSION = YES_AGGRESSIVE;
				CLANG_CXX_LANGUAGE_STANDARD = "gnu++14";
				CLANG_CXX_LIBRARY = "libc++";
				CLANG_ENABLE_MODULES = YES;
				CLANG_ENABLE_OBJC_ARC = YES;
				CLANG_ENABLE_OBJC_WEAK = YES;
				CLANG_WARN_BLOCK_CAPTURE_AUTORELEASING = YES;
				CLANG_WARN_BOOL_CONVERSION = YES;
				CLANG_WARN_COMMA = YES;
				CLANG_WARN_CONSTANT_CONVERSION = YES;
				CLANG_WARN_DEPRECATED_OBJC_IMPLEMENTATIONS = YES;
				CLANG_WARN_DIRECT_OBJC_ISA_USAGE = YES_ERROR;
				CLANG_WARN_DOCUMENTATION_COMMENTS = YES;
				CLANG_WARN_EMPTY_BODY = YES;
				CLANG_WARN_ENUM_CONVERSION = YES;
				CLANG_WARN_INFINITE_RECURSION = YES;
				CLANG_WARN_INT_CONVERSION = YES;
				CLANG_WARN_NON_LITERAL_NULL_CONVERSION = YES;
				CLANG_WARN_OBJC_IMPLICIT_RETAIN_SELF = YES;
				CLANG_WARN_OBJC_LITERAL_CONVERSION = YES;
				CLANG_WARN_OBJC_ROOT_CLASS = YES_ERROR;
				CLANG_WARN_RANGE_LOOP_ANALYSIS = YES;
				CLANG_WARN_STRICT_PROTOTYPES = YES;
				CLANG_WARN_SUSPICIOUS_MOVE = YES;
				CLANG_WARN_UNGUARDED_AVAILABILITY = YES_AGGRESSIVE;
				CLANG_WARN_UNREACHABLE_CODE = YES;
				CLANG_WARN__DUPLICATE_METHOD_MATCH = YES;
				CODE_SIGN_IDENTITY = "iPhone Developer";
				COPY_PHASE_STRIP = NO;
				DEBUG_INFORMATION_FORMAT = dwarf;
				ENABLE_STRICT_OBJC_MSGSEND = YES;
				ENABLE_TESTABILITY = YES;
				GCC_C_LANGUAGE_STANDARD = gnu11;
				GCC_DYNAMIC_NO_PIC = NO;
				GCC_NO_COMMON_BLOCKS = YES;
				GCC_OPTIMIZATION_LEVEL = 0;
				GCC_PREPROCESSOR_DEFINITIONS = (
					"DEBUG=1",
					"$(inherited)",
				);
				GCC_WARN_64_TO_32_BIT_CONVERSION = YES;
				GCC_WARN_ABOUT_RETURN_TYPE = YES_ERROR;
				GCC_WARN_UNDECLARED_SELECTOR = YES;
				GCC_WARN_UNINITIALIZED_AUTOS = YES_AGGRESSIVE;
				GCC_WARN_UNUSED_FUNCTION = YES;
				GCC_WARN_UNUSED_VARIABLE = YES;
				IPHONEOS_DEPLOYMENT_TARGET = 11.4;
				MTL_ENABLE_DEBUG_INFO = YES;
				ONLY_ACTIVE_ARCH = YES;
				SDKROOT = iphoneos;
			};
			name = Debug;
		};
		F30D059F20F41BA7007DE0D3 /* Release */ = {
			isa = XCBuildConfiguration;
			buildSettings = {
				ALWAYS_SEARCH_USER_PATHS = NO;
				CLANG_ANALYZER_NONNULL = YES;
				CLANG_ANALYZER_NUMBER_OBJECT_CONVERSION = YES_AGGRESSIVE;
				CLANG_CXX_LANGUAGE_STANDARD = "gnu++14";
				CLANG_CXX_LIBRARY = "libc++";
				CLANG_ENABLE_MODULES = YES;
				CLANG_ENABLE_OBJC_ARC = YES;
				CLANG_ENABLE_OBJC_WEAK = YES;
				CLANG_WARN_BLOCK_CAPTURE_AUTORELEASING = YES;
				CLANG_WARN_BOOL_CONVERSION = YES;
				CLANG_WARN_COMMA = YES;
				CLANG_WARN_CONSTANT_CONVERSION = YES;
				CLANG_WARN_DEPRECATED_OBJC_IMPLEMENTATIONS = YES;
				CLANG_WARN_DIRECT_OBJC_ISA_USAGE = YES_ERROR;
				CLANG_WARN_DOCUMENTATION_COMMENTS = YES;
				CLANG_WARN_EMPTY_BODY = YES;
				CLANG_WARN_ENUM_CONVERSION = YES;
				CLANG_WARN_INFINITE_RECURSION = YES;
				CLANG_WARN_INT_CONVERSION = YES;
				CLANG_WARN_NON_LITERAL_NULL_CONVERSION = YES;
				CLANG_WARN_OBJC_IMPLICIT_RETAIN_SELF = YES;
				CLANG_WARN_OBJC_LITERAL_CONVERSION = YES;
				CLANG_WARN_OBJC_ROOT_CLASS = YES_ERROR;
				CLANG_WARN_RANGE_LOOP_ANALYSIS = YES;
				CLANG_WARN_STRICT_PROTOTYPES = YES;
				CLANG_WARN_SUSPICIOUS_MOVE = YES;
				CLANG_WARN_UNGUARDED_AVAILABILITY = YES_AGGRESSIVE;
				CLANG_WARN_UNREACHABLE_CODE = YES;
				CLANG_WARN__DUPLICATE_METHOD_MATCH = YES;
				CODE_SIGN_IDENTITY = "iPhone Developer";
				COPY_PHASE_STRIP = NO;
				DEBUG_INFORMATION_FORMAT = "dwarf-with-dsym";
				ENABLE_NS_ASSERTIONS = NO;
				ENABLE_STRICT_OBJC_MSGSEND = YES;
				GCC_C_LANGUAGE_STANDARD = gnu11;
				GCC_NO_COMMON_BLOCKS = YES;
				GCC_WARN_64_TO_32_BIT_CONVERSION = YES;
				GCC_WARN_ABOUT_RETURN_TYPE = YES_ERROR;
				GCC_WARN_UNDECLARED_SELECTOR = YES;
				GCC_WARN_UNINITIALIZED_AUTOS = YES_AGGRESSIVE;
				GCC_WARN_UNUSED_FUNCTION = YES;
				GCC_WARN_UNUSED_VARIABLE = YES;
				IPHONEOS_DEPLOYMENT_TARGET = 11.4;
				MTL_ENABLE_DEBUG_INFO = NO;
				SDKROOT = iphoneos;
				VALIDATE_PRODUCT = YES;
			};
			name = Release;
		};
		F30D05A120F41BA7007DE0D3 /* Debug */ = {
			isa = XCBuildConfiguration;
			baseConfigurationReference = F0D5B5B325797EB221488273 /* Pods-Instagram.debug.xcconfig */;
			buildSettings = {
				ASSETCATALOG_COMPILER_APPICON_NAME = AppIcon;
				CODE_SIGN_STYLE = Automatic;
				DEVELOPMENT_TEAM = T66NN72CYU;
				INFOPLIST_FILE = Instagram/Info.plist;
				LD_RUNPATH_SEARCH_PATHS = (
					"$(inherited)",
					"@executable_path/Frameworks",
				);
				PRODUCT_BUNDLE_IDENTIFIER = com.szheng.Instagram;
				PRODUCT_NAME = "$(TARGET_NAME)";
				TARGETED_DEVICE_FAMILY = "1,2";
			};
			name = Debug;
		};
		F30D05A220F41BA7007DE0D3 /* Release */ = {
			isa = XCBuildConfiguration;
			baseConfigurationReference = DDF05DE1055FE6B312935C7B /* Pods-Instagram.release.xcconfig */;
			buildSettings = {
				ASSETCATALOG_COMPILER_APPICON_NAME = AppIcon;
				CODE_SIGN_STYLE = Automatic;
				DEVELOPMENT_TEAM = T66NN72CYU;
				INFOPLIST_FILE = Instagram/Info.plist;
				LD_RUNPATH_SEARCH_PATHS = (
					"$(inherited)",
					"@executable_path/Frameworks",
				);
				PRODUCT_BUNDLE_IDENTIFIER = com.szheng.Instagram;
				PRODUCT_NAME = "$(TARGET_NAME)";
				TARGETED_DEVICE_FAMILY = "1,2";
			};
			name = Release;
		};
		F30D05A420F41BA7007DE0D3 /* Debug */ = {
			isa = XCBuildConfiguration;
			baseConfigurationReference = CDAFEA4D2B8BE718E461B291 /* Pods-InstagramTests.debug.xcconfig */;
			buildSettings = {
				BUNDLE_LOADER = "$(TEST_HOST)";
				CODE_SIGN_STYLE = Automatic;
				DEVELOPMENT_TEAM = T66NN72CYU;
				INFOPLIST_FILE = InstagramTests/Info.plist;
				LD_RUNPATH_SEARCH_PATHS = (
					"$(inherited)",
					"@executable_path/Frameworks",
					"@loader_path/Frameworks",
				);
				PRODUCT_BUNDLE_IDENTIFIER = com.szheng.InstagramTests;
				PRODUCT_NAME = "$(TARGET_NAME)";
				TARGETED_DEVICE_FAMILY = "1,2";
				TEST_HOST = "$(BUILT_PRODUCTS_DIR)/Instagram.app/Instagram";
			};
			name = Debug;
		};
		F30D05A520F41BA7007DE0D3 /* Release */ = {
			isa = XCBuildConfiguration;
			baseConfigurationReference = 473DAEB3D5E742C5C00F7851 /* Pods-InstagramTests.release.xcconfig */;
			buildSettings = {
				BUNDLE_LOADER = "$(TEST_HOST)";
				CODE_SIGN_STYLE = Automatic;
				DEVELOPMENT_TEAM = T66NN72CYU;
				INFOPLIST_FILE = InstagramTests/Info.plist;
				LD_RUNPATH_SEARCH_PATHS = (
					"$(inherited)",
					"@executable_path/Frameworks",
					"@loader_path/Frameworks",
				);
				PRODUCT_BUNDLE_IDENTIFIER = com.szheng.InstagramTests;
				PRODUCT_NAME = "$(TARGET_NAME)";
				TARGETED_DEVICE_FAMILY = "1,2";
				TEST_HOST = "$(BUILT_PRODUCTS_DIR)/Instagram.app/Instagram";
			};
			name = Release;
		};
		F30D05A720F41BA7007DE0D3 /* Debug */ = {
			isa = XCBuildConfiguration;
			baseConfigurationReference = F79F14E86770DA3AF6FEF369 /* Pods-InstagramUITests.debug.xcconfig */;
			buildSettings = {
				CODE_SIGN_STYLE = Automatic;
				DEVELOPMENT_TEAM = T66NN72CYU;
				INFOPLIST_FILE = InstagramUITests/Info.plist;
				LD_RUNPATH_SEARCH_PATHS = (
					"$(inherited)",
					"@executable_path/Frameworks",
					"@loader_path/Frameworks",
				);
				PRODUCT_BUNDLE_IDENTIFIER = com.szheng.InstagramUITests;
				PRODUCT_NAME = "$(TARGET_NAME)";
				TARGETED_DEVICE_FAMILY = "1,2";
				TEST_TARGET_NAME = Instagram;
			};
			name = Debug;
		};
		F30D05A820F41BA7007DE0D3 /* Release */ = {
			isa = XCBuildConfiguration;
			baseConfigurationReference = CF849ECD3565BCBE970EDF13 /* Pods-InstagramUITests.release.xcconfig */;
			buildSettings = {
				CODE_SIGN_STYLE = Automatic;
				DEVELOPMENT_TEAM = T66NN72CYU;
				INFOPLIST_FILE = InstagramUITests/Info.plist;
				LD_RUNPATH_SEARCH_PATHS = (
					"$(inherited)",
					"@executable_path/Frameworks",
					"@loader_path/Frameworks",
				);
				PRODUCT_BUNDLE_IDENTIFIER = com.szheng.InstagramUITests;
				PRODUCT_NAME = "$(TARGET_NAME)";
				TARGETED_DEVICE_FAMILY = "1,2";
				TEST_TARGET_NAME = Instagram;
			};
			name = Release;
		};
/* End XCBuildConfiguration section */

/* Begin XCConfigurationList section */
		F30D056F20F41BA6007DE0D3 /* Build configuration list for PBXProject "Instagram" */ = {
			isa = XCConfigurationList;
			buildConfigurations = (
				F30D059E20F41BA7007DE0D3 /* Debug */,
				F30D059F20F41BA7007DE0D3 /* Release */,
			);
			defaultConfigurationIsVisible = 0;
			defaultConfigurationName = Release;
		};
		F30D05A020F41BA7007DE0D3 /* Build configuration list for PBXNativeTarget "Instagram" */ = {
			isa = XCConfigurationList;
			buildConfigurations = (
				F30D05A120F41BA7007DE0D3 /* Debug */,
				F30D05A220F41BA7007DE0D3 /* Release */,
			);
			defaultConfigurationIsVisible = 0;
			defaultConfigurationName = Release;
		};
		F30D05A320F41BA7007DE0D3 /* Build configuration list for PBXNativeTarget "InstagramTests" */ = {
			isa = XCConfigurationList;
			buildConfigurations = (
				F30D05A420F41BA7007DE0D3 /* Debug */,
				F30D05A520F41BA7007DE0D3 /* Release */,
			);
			defaultConfigurationIsVisible = 0;
			defaultConfigurationName = Release;
		};
		F30D05A620F41BA7007DE0D3 /* Build configuration list for PBXNativeTarget "InstagramUITests" */ = {
			isa = XCConfigurationList;
			buildConfigurations = (
				F30D05A720F41BA7007DE0D3 /* Debug */,
				F30D05A820F41BA7007DE0D3 /* Release */,
			);
			defaultConfigurationIsVisible = 0;
			defaultConfigurationName = Release;
		};
/* End XCConfigurationList section */
	};
	rootObject = F30D056C20F41BA6007DE0D3 /* Project object */;
}
